{
  "pins" : [
    {
      "identity" : "apphudsdk",
      "kind" : "remoteSourceControl",
      "location" : "https://github.com/apphud/ApphudSDK.git",
      "state" : {
        "revision" : "bea28b4dbf0988817871e6292102b4e0d84559bc",
        "version" : "3.1.4"
      }
    },
    {
      "identity" : "floatingpanel",
      "kind" : "remoteSourceControl",
      "location" : "https://github.com/scenee/FloatingPanel.git",
      "state" : {
        "revision" : "dd238884bf85e96a4c6c2703fc2fc1ff0f5c7494",
        "version" : "2.8.0"
      }
    },
    {
      "identity" : "iqkeyboardmanager",
      "kind" : "remoteSourceControl",
      "location" : "https://github.com/hackiftekhar/IQKeyboardManager.git",
      "state" : {
        "revision" : "c00b1ae9fa1ad8af4465bb6ca901f6943fc98eba",
        "version" : "6.5.16"
      }
    },
    {
      "identity" : "swiftyuserdefaults",
      "kind" : "remoteSourceControl",
      "location" : "https://github.com/sunshinejr/SwiftyUserDefaults.git",
      "state" : {
        "revision" : "f66bcd04088582c8fbb5cb8554d577e303bae396",
        "version" : "5.3.0"
      }
    }
  ],
  "version" : 2
}
